
Microsoft Visual Studio Solution File, Format Version 12.00
# Visual Studio Version 17
VisualStudioVersion = 17.1.32210.238
MinimumVisualStudioVersion = 10.0.40219.1
Project("{FAE04EC0-301F-11D3-BF4B-00C04F79EFBC}") = "Fluchwortfilter", "Fluchwortfilter\Fluchwortfilter.csproj", "{DD250AC6-D7BC-4281-8013-6BB581157751}"
EndProject
Global
	GlobalSection(SolutionConfigurationPlatforms) = preSolution
		Debug|Any CPU = Debug|Any CPU
		Release|Any CPU = Release|Any CPU
	EndGlobalSection
	GlobalSection(ProjectConfigurationPlatforms) = postSolution
		{DD250AC6-D7BC-4281-8013-6BB581157751}.Debug|Any CPU.ActiveCfg = Debug|Any CPU
		{DD250AC6-D7BC-4281-8013-6BB581157751}.Debug|Any CPU.Build.0 = Debug|Any CPU
		{DD250AC6-D7BC-4281-8013-6BB581157751}.Release|Any CPU.ActiveCfg = Release|Any CPU
		{DD250AC6-D7BC-4281-8013-6BB581157751}.Release|Any CPU.Build.0 = Release|Any CPU
	EndGlobalSection
	GlobalSection(SolutionProperties) = preSolution
		HideSolutionNode = FALSE
	EndGlobalSection
	GlobalSection(ExtensibilityGlobals) = postSolution
		SolutionGuid = {EE68418B-6C55-4D5A-B891-16B81A04F249}
	EndGlobalSection
EndGlobal
